
Microsoft Visual Studio Solution File, Format Version 12.00
# Visual Studio Version 17
VisualStudioVersion = 17.12.35527.113
MinimumVisualStudioVersion = 10.0.40219.1
Project("{FAE04EC0-301F-11D3-BF4B-00C04F79EFBC}") = "Micon.CMS", "Micon.CMS\Micon.CMS.csproj", "{E4E03BEC-6A0B-4B5C-9E9F-B687CAD458A9}"
EndProject
Project("{FAE04EC0-301F-11D3-BF4B-00C04F79EFBC}") = "ClassLibrary1", "ClassLibrary1\ClassLibrary1.csproj", "{5E1C81B8-69CD-493D-B881-BB0C8544F0E7}"
EndProject
Project("{FAE04EC0-301F-11D3-BF4B-00C04F79EFBC}") = "Micon.CMS.AppHost", "Micon.CMS.Aspire\Micon.CMS.Aspire.AppHost\Micon.CMS.AppHost.csproj", "{2631C9D8-2AF5-46BA-BC37-558591BD9DCC}"
EndProject
Project("{FAE04EC0-301F-11D3-BF4B-00C04F79EFBC}") = "Micon.CMS.ServiceDefaults", "Micon.CMS.Aspire\Micon.CMS.Aspire.ServiceDefaults\Micon.CMS.ServiceDefaults.csproj", "{56E506AB-DA2A-0FD7-29FE-7CE3B2885FE7}"
EndProject
Project("{FAE04EC0-301F-11D3-BF4B-00C04F79EFBC}") = "Micon.CMS.Library", "Micon.CMS.Library\Micon.CMS.Library.csproj", "{0DA5DABA-E94E-40E2-8DA2-16EDA0F16EC5}"
EndProject
Project("{FAE04EC0-301F-11D3-BF4B-00C04F79EFBC}") = "Micon.CMS.Tests", "Micon.CMS.Tests\Micon.CMS.Tests.csproj", "{1472E913-8C3B-45B7-906F-23AE3A168153}"
EndProject
Global
	GlobalSection(SolutionConfigurationPlatforms) = preSolution
		Debug|Any CPU = Debug|Any CPU
		Debug|x64 = Debug|x64
		Debug|x86 = Debug|x86
		Release|Any CPU = Release|Any CPU
		Release|x64 = Release|x64
		Release|x86 = Release|x86
	EndGlobalSection
	GlobalSection(ProjectConfigurationPlatforms) = postSolution
		{E4E03BEC-6A0B-4B5C-9E9F-B687CAD458A9}.Debug|Any CPU.ActiveCfg = Debug|Any CPU
		{E4E03BEC-6A0B-4B5C-9E9F-B687CAD458A9}.Debug|Any CPU.Build.0 = Debug|Any CPU
		{E4E03BEC-6A0B-4B5C-9E9F-B687CAD458A9}.Debug|x64.ActiveCfg = Debug|Any CPU
		{E4E03BEC-6A0B-4B5C-9E9F-B687CAD458A9}.Debug|x64.Build.0 = Debug|Any CPU
		{E4E03BEC-6A0B-4B5C-9E9F-B687CAD458A9}.Debug|x86.ActiveCfg = Debug|Any CPU
		{E4E03BEC-6A0B-4B5C-9E9F-B687CAD458A9}.Debug|x86.Build.0 = Debug|Any CPU
		{E4E03BEC-6A0B-4B5C-9E9F-B687CAD458A9}.Release|Any CPU.ActiveCfg = Release|Any CPU
		{E4E03BEC-6A0B-4B5C-9E9F-B687CAD458A9}.Release|Any CPU.Build.0 = Release|Any CPU
		{E4E03BEC-6A0B-4B5C-9E9F-B687CAD458A9}.Release|x64.ActiveCfg = Release|Any CPU
		{E4E03BEC-6A0B-4B5C-9E9F-B687CAD458A9}.Release|x64.Build.0 = Release|Any CPU
		{E4E03BEC-6A0B-4B5C-9E9F-B687CAD458A9}.Release|x86.ActiveCfg = Release|Any CPU
		{E4E03BEC-6A0B-4B5C-9E9F-B687CAD458A9}.Release|x86.Build.0 = Release|Any CPU
		{5E1C81B8-69CD-493D-B881-BB0C8544F0E7}.Debug|Any CPU.ActiveCfg = Debug|Any CPU
		{5E1C81B8-69CD-493D-B881-BB0C8544F0E7}.Debug|Any CPU.Build.0 = Debug|Any CPU
		{5E1C81B8-69CD-493D-B881-BB0C8544F0E7}.Debug|x64.ActiveCfg = Debug|Any CPU
		{5E1C81B8-69CD-493D-B881-BB0C8544F0E7}.Debug|x64.Build.0 = Debug|Any CPU
		{5E1C81B8-69CD-493D-B881-BB0C8544F0E7}.Debug|x86.ActiveCfg = Debug|Any CPU
		{5E1C81B8-69CD-493D-B881-BB0C8544F0E7}.Debug|x86.Build.0 = Debug|Any CPU
		{5E1C81B8-69CD-493D-B881-BB0C8544F0E7}.Release|Any CPU.ActiveCfg = Release|Any CPU
		{5E1C81B8-69CD-493D-B881-BB0C8544F0E7}.Release|Any CPU.Build.0 = Release|Any CPU
		{5E1C81B8-69CD-493D-B881-BB0C8544F0E7}.Release|x64.ActiveCfg = Release|Any CPU
		{5E1C81B8-69CD-493D-B881-BB0C8544F0E7}.Release|x64.Build.0 = Release|Any CPU
		{5E1C81B8-69CD-493D-B881-BB0C8544F0E7}.Release|x86.ActiveCfg = Release|Any CPU
		{5E1C81B8-69CD-493D-B881-BB0C8544F0E7}.Release|x86.Build.0 = Release|Any CPU
		{2631C9D8-2AF5-46BA-BC37-558591BD9DCC}.Debug|Any CPU.ActiveCfg = Debug|Any CPU
		{2631C9D8-2AF5-46BA-BC37-558591BD9DCC}.Debug|Any CPU.Build.0 = Debug|Any CPU
		{2631C9D8-2AF5-46BA-BC37-558591BD9DCC}.Debug|x64.ActiveCfg = Debug|Any CPU
		{2631C9D8-2AF5-46BA-BC37-558591BD9DCC}.Debug|x64.Build.0 = Debug|Any CPU
		{2631C9D8-2AF5-46BA-BC37-558591BD9DCC}.Debug|x86.ActiveCfg = Debug|Any CPU
		{2631C9D8-2AF5-46BA-BC37-558591BD9DCC}.Debug|x86.Build.0 = Debug|Any CPU
		{2631C9D8-2AF5-46BA-BC37-558591BD9DCC}.Release|Any CPU.ActiveCfg = Release|Any CPU
		{2631C9D8-2AF5-46BA-BC37-558591BD9DCC}.Release|Any CPU.Build.0 = Release|Any CPU
		{2631C9D8-2AF5-46BA-BC37-558591BD9DCC}.Release|x64.ActiveCfg = Release|Any CPU
		{2631C9D8-2AF5-46BA-BC37-558591BD9DCC}.Release|x64.Build.0 = Release|Any CPU
		{2631C9D8-2AF5-46BA-BC37-558591BD9DCC}.Release|x86.ActiveCfg = Release|Any CPU
		{2631C9D8-2AF5-46BA-BC37-558591BD9DCC}.Release|x86.Build.0 = Release|Any CPU
		{56E506AB-DA2A-0FD7-29FE-7CE3B2885FE7}.Debug|Any CPU.ActiveCfg = Debug|Any CPU
		{56E506AB-DA2A-0FD7-29FE-7CE3B2885FE7}.Debug|Any CPU.Build.0 = Debug|Any CPU
		{56E506AB-DA2A-0FD7-29FE-7CE3B2885FE7}.Debug|x64.ActiveCfg = Debug|Any CPU
		{56E506AB-DA2A-0FD7-29FE-7CE3B2885FE7}.Debug|x64.Build.0 = Debug|Any CPU
		{56E506AB-DA2A-0FD7-29FE-7CE3B2885FE7}.Debug|x86.ActiveCfg = Debug|Any CPU
		{56E506AB-DA2A-0FD7-29FE-7CE3B2885FE7}.Debug|x86.Build.0 = Debug|Any CPU
		{56E506AB-DA2A-0FD7-29FE-7CE3B2885FE7}.Release|Any CPU.ActiveCfg = Release|Any CPU
		{56E506AB-DA2A-0FD7-29FE-7CE3B2885FE7}.Release|Any CPU.Build.0 = Release|Any CPU
		{56E506AB-DA2A-0FD7-29FE-7CE3B2885FE7}.Release|x64.ActiveCfg = Release|Any CPU
		{56E506AB-DA2A-0FD7-29FE-7CE3B2885FE7}.Release|x64.Build.0 = Release|Any CPU
		{56E506AB-DA2A-0FD7-29FE-7CE3B2885FE7}.Release|x86.ActiveCfg = Release|Any CPU
		{56E506AB-DA2A-0FD7-29FE-7CE3B2885FE7}.Release|x86.Build.0 = Release|Any CPU
		{0DA5DABA-E94E-40E2-8DA2-16EDA0F16EC5}.Debug|Any CPU.ActiveCfg = Debug|Any CPU
		{0DA5DABA-E94E-40E2-8DA2-16EDA0F16EC5}.Debug|Any CPU.Build.0 = Debug|Any CPU
		{0DA5DABA-E94E-40E2-8DA2-16EDA0F16EC5}.Debug|x64.ActiveCfg = Debug|Any CPU
		{0DA5DABA-E94E-40E2-8DA2-16EDA0F16EC5}.Debug|x64.Build.0 = Debug|Any CPU
		{0DA5DABA-E94E-40E2-8DA2-16EDA0F16EC5}.Debug|x86.ActiveCfg = Debug|Any CPU
		{0DA5DABA-E94E-40E2-8DA2-16EDA0F16EC5}.Debug|x86.Build.0 = Debug|Any CPU
		{0DA5DABA-E94E-40E2-8DA2-16EDA0F16EC5}.Release|Any CPU.ActiveCfg = Release|Any CPU
		{0DA5DABA-E94E-40E2-8DA2-16EDA0F16EC5}.Release|Any CPU.Build.0 = Release|Any CPU
		{0DA5DABA-E94E-40E2-8DA2-16EDA0F16EC5}.Release|x64.ActiveCfg = Release|Any CPU
		{0DA5DABA-E94E-40E2-8DA2-16EDA0F16EC5}.Release|x64.Build.0 = Release|Any CPU
		{0DA5DABA-E94E-40E2-8DA2-16EDA0F16EC5}.Release|x86.ActiveCfg = Release|Any CPU
		{0DA5DABA-E94E-40E2-8DA2-16EDA0F16EC5}.Release|x86.Build.0 = Release|Any CPU
		{1472E913-8C3B-45B7-906F-23AE3A168153}.Debug|Any CPU.ActiveCfg = Debug|Any CPU
		{1472E913-8C3B-45B7-906F-23AE3A168153}.Debug|Any CPU.Build.0 = Debug|Any CPU
		{1472E913-8C3B-45B7-906F-23AE3A168153}.Debug|x64.ActiveCfg = Debug|Any CPU
		{1472E913-8C3B-45B7-906F-23AE3A168153}.Debug|x64.Build.0 = Debug|Any CPU
		{1472E913-8C3B-45B7-906F-23AE3A168153}.Debug|x86.ActiveCfg = Debug|Any CPU
		{1472E913-8C3B-45B7-906F-23AE3A168153}.Debug|x86.Build.0 = Debug|Any CPU
		{1472E913-8C3B-45B7-906F-23AE3A168153}.Release|Any CPU.ActiveCfg = Release|Any CPU
		{1472E913-8C3B-45B7-906F-23AE3A168153}.Release|Any CPU.Build.0 = Release|Any CPU
		{1472E913-8C3B-45B7-906F-23AE3A168153}.Release|x64.ActiveCfg = Release|Any CPU
		{1472E913-8C3B-45B7-906F-23AE3A168153}.Release|x64.Build.0 = Release|Any CPU
		{1472E913-8C3B-45B7-906F-23AE3A168153}.Release|x86.ActiveCfg = Release|Any CPU
		{1472E913-8C3B-45B7-906F-23AE3A168153}.Release|x86.Build.0 = Release|Any CPU
	EndGlobalSection
	GlobalSection(SolutionProperties) = preSolution
		HideSolutionNode = FALSE
	EndGlobalSection
	GlobalSection(ExtensibilityGlobals) = postSolution
		SolutionGuid = {E15608B0-B115-4660-9945-2A06010DC387}
	EndGlobalSection
EndGlobal
